{
    "name": "example",
    "version": "0.0.0",
    "lockfileVersion": 3,
    "requires": true,
    "packages": {
        "": {
            "name": "example",
            "version": "0.0.0",
            "license": "MIT",
            "devDependencies": {
                "console-panel": "=1.0.4"
            }
        },
        "node_modules/console-panel": {
            "version": "1.0.4",
            "resolved": "https://registry.npmjs.org/console-panel/-/console-panel-1.0.4.tgz",
            "integrity": "sha512-cPm/NquYrJmoWZMp/hbZCldRD/SEjd74J0f7xKseLDZ955iJZ7u6GdOtfTxKih0iCbRPEtSR3Z5hlUseAiVCcQ==",
            "dev": true
        }
    }
}
